
Microsoft Visual Studio Solution File, Format Version 12.00
Project("{FAE04EC0-301F-11D3-BF4B-00C04F79EFBC}") = "Mokkit", "src\Mokkit\Mokkit.csproj", "{1FE6546A-C353-420B-BA8F-0FA922EDC8D9}"
EndProject
Project("{2150E333-8FDC-42A3-9474-1A3956D46DE8}") = "SolutionItems", "SolutionItems", "{F0E174B7-4E6C-4642-9CBB-E4B1F05C4A24}"
	ProjectSection(SolutionItems) = preProject
		README.md = README.md
		.gitignore = .gitignore
	EndProjectSection
EndProject
Project("{FAE04EC0-301F-11D3-BF4B-00C04F79EFBC}") = "Mokkit.Containers.Microsoft.Extensions.DependencyInjection", "src\Mokkit.Containers.Microsoft.Extensions.DependencyInjection\Mokkit.Containers.Microsoft.Extensions.DependencyInjection.csproj", "{EAD46B24-27A1-4629-821B-6B686C12B149}"
EndProject
Project("{FAE04EC0-301F-11D3-BF4B-00C04F79EFBC}") = "Mokkit.Containers.Moq", "src\Mokkit.Containers.Moq\Mokkit.Containers.Moq.csproj", "{24076378-A563-4B90-8818-8E484B1101D3}"
EndProject
Project("{2150E333-8FDC-42A3-9474-1A3956D46DE8}") = "src", "src", "{827E0CD3-B72D-47B6-A68D-7590B98EB39B}"
EndProject
Project("{FAE04EC0-301F-11D3-BF4B-00C04F79EFBC}") = "Mokkit.Containers.Bag", "src\Mokkit.Containers.Bag\Mokkit.Containers.Bag.csproj", "{85429198-F2B4-45EA-B401-05775ADD3132}"
EndProject
Project("{FAE04EC0-301F-11D3-BF4B-00C04F79EFBC}") = "Mokkit.Tests", "src\Mokkit.Tests\Mokkit.Tests.csproj", "{FA058646-2DAA-477F-8C55-3F3B7676FE77}"
EndProject
Project("{FAE04EC0-301F-11D3-BF4B-00C04F79EFBC}") = "Mokkit.Containers.Common", "src\Mokkit.Containers.Common\Mokkit.Containers.Common.csproj", "{37D8F32B-C3C5-4EB7-972A-E697F0F21071}"
EndProject
Project("{FAE04EC0-301F-11D3-BF4B-00C04F79EFBC}") = "Mokkit.Containers.NSubstitute", "src\Mokkit.Containers.NSubstitute\Mokkit.Containers.NSubstitute.csproj", "{68843C13-35D6-47FA-8401-FDF4DE1B3B95}"
EndProject
Project("{FAE04EC0-301F-11D3-BF4B-00C04F79EFBC}") = "Mokkit.Containers.NSubstitute.Tests", "src\Mokkit.Containers.NSubstitute.Tests\Mokkit.Containers.NSubstitute.Tests.csproj", "{A381642A-6F30-49EA-B3C4-88EF2097681F}"
EndProject
Project("{FAE04EC0-301F-11D3-BF4B-00C04F79EFBC}") = "Mokkit.Containers.FakeItEasy", "src\Mokkit.Containers.FakeItEasy\Mokkit.Containers.FakeItEasy.csproj", "{4815BF02-B556-46E0-AFE7-F67685D1B26D}"
EndProject
Project("{FAE04EC0-301F-11D3-BF4B-00C04F79EFBC}") = "Mokkit.Containers.FakeItEasy.Tests", "src\Mokkit.Containers.FakeItEasy.Tests\Mokkit.Containers.FakeItEasy.Tests.csproj", "{6E85F9F1-5B66-412C-8179-B4116394637F}"
EndProject
Project("{FAE04EC0-301F-11D3-BF4B-00C04F79EFBC}") = "Mokkit.Containers.Autofac", "src\Mokkit.Containers.Autofac\Mokkit.Containers.Autofac.csproj", "{82B02DFF-1CA8-498F-B530-58665BCC0DAB}"
EndProject
Project("{FAE04EC0-301F-11D3-BF4B-00C04F79EFBC}") = "Mokkit.Containers.Autofac.Tests", "src\Mokkit.Containers.Autofac.Tests\Mokkit.Containers.Autofac.Tests.csproj", "{8816D41B-5D83-4C03-A073-605388EB1D82}"
EndProject
Project("{FAE04EC0-301F-11D3-BF4B-00C04F79EFBC}") = "Mokkit.Containers.CastleWindsor", "src\Mokkit.Containers.CastleWindsor\Mokkit.Containers.CastleWindsor.csproj", "{335E1346-0F9C-42FB-B30E-F00F934D3160}"
EndProject
Project("{FAE04EC0-301F-11D3-BF4B-00C04F79EFBC}") = "Mokkit.Containers.CastleWindsor.Tests", "src\Mokkit.Containers.CastleWindsor.Tests\Mokkit.Containers.CastleWindsor.Tests.csproj", "{4BE7351B-A2AB-4346-9CD1-033CDC2CB319}"
EndProject
Project("{FAE04EC0-301F-11D3-BF4B-00C04F79EFBC}") = "Mokkit.Containers.Moq.Tests", "src\Mokkit.Containers.Moq.Tests\Mokkit.Containers.Moq.Tests.csproj", "{EE98CB9E-1630-403D-AC48-643D702525AA}"
EndProject
Project("{FAE04EC0-301F-11D3-BF4B-00C04F79EFBC}") = "Mokkit.Containers.Microsoft.Extensions.DependencyInjection.Tests", "src\Mokkit.Containers.Microsoft.Extensions.DependencyInjection.Tests\Mokkit.Containers.Microsoft.Extensions.DependencyInjection.Tests.csproj", "{26F160F8-18A7-483C-AA27-AD177720ACF2}"
EndProject
Global
	GlobalSection(SolutionConfigurationPlatforms) = preSolution
		Debug|Any CPU = Debug|Any CPU
		Debug|x64 = Debug|x64
		Debug|x86 = Debug|x86
		Release|Any CPU = Release|Any CPU
		Release|x64 = Release|x64
		Release|x86 = Release|x86
	EndGlobalSection
	GlobalSection(ProjectConfigurationPlatforms) = postSolution
		{1FE6546A-C353-420B-BA8F-0FA922EDC8D9}.Debug|Any CPU.ActiveCfg = Debug|Any CPU
		{1FE6546A-C353-420B-BA8F-0FA922EDC8D9}.Debug|Any CPU.Build.0 = Debug|Any CPU
		{1FE6546A-C353-420B-BA8F-0FA922EDC8D9}.Debug|x64.ActiveCfg = Debug|Any CPU
		{1FE6546A-C353-420B-BA8F-0FA922EDC8D9}.Debug|x64.Build.0 = Debug|Any CPU
		{1FE6546A-C353-420B-BA8F-0FA922EDC8D9}.Debug|x86.ActiveCfg = Debug|Any CPU
		{1FE6546A-C353-420B-BA8F-0FA922EDC8D9}.Debug|x86.Build.0 = Debug|Any CPU
		{1FE6546A-C353-420B-BA8F-0FA922EDC8D9}.Release|Any CPU.ActiveCfg = Release|Any CPU
		{1FE6546A-C353-420B-BA8F-0FA922EDC8D9}.Release|Any CPU.Build.0 = Release|Any CPU
		{1FE6546A-C353-420B-BA8F-0FA922EDC8D9}.Release|x64.ActiveCfg = Release|Any CPU
		{1FE6546A-C353-420B-BA8F-0FA922EDC8D9}.Release|x64.Build.0 = Release|Any CPU
		{1FE6546A-C353-420B-BA8F-0FA922EDC8D9}.Release|x86.ActiveCfg = Release|Any CPU
		{1FE6546A-C353-420B-BA8F-0FA922EDC8D9}.Release|x86.Build.0 = Release|Any CPU
		{EAD46B24-27A1-4629-821B-6B686C12B149}.Debug|Any CPU.ActiveCfg = Debug|Any CPU
		{EAD46B24-27A1-4629-821B-6B686C12B149}.Debug|Any CPU.Build.0 = Debug|Any CPU
		{EAD46B24-27A1-4629-821B-6B686C12B149}.Debug|x64.ActiveCfg = Debug|Any CPU
		{EAD46B24-27A1-4629-821B-6B686C12B149}.Debug|x64.Build.0 = Debug|Any CPU
		{EAD46B24-27A1-4629-821B-6B686C12B149}.Debug|x86.ActiveCfg = Debug|Any CPU
		{EAD46B24-27A1-4629-821B-6B686C12B149}.Debug|x86.Build.0 = Debug|Any CPU
		{EAD46B24-27A1-4629-821B-6B686C12B149}.Release|Any CPU.ActiveCfg = Release|Any CPU
		{EAD46B24-27A1-4629-821B-6B686C12B149}.Release|Any CPU.Build.0 = Release|Any CPU
		{EAD46B24-27A1-4629-821B-6B686C12B149}.Release|x64.ActiveCfg = Release|Any CPU
		{EAD46B24-27A1-4629-821B-6B686C12B149}.Release|x64.Build.0 = Release|Any CPU
		{EAD46B24-27A1-4629-821B-6B686C12B149}.Release|x86.ActiveCfg = Release|Any CPU
		{EAD46B24-27A1-4629-821B-6B686C12B149}.Release|x86.Build.0 = Release|Any CPU
		{24076378-A563-4B90-8818-8E484B1101D3}.Debug|Any CPU.ActiveCfg = Debug|Any CPU
		{24076378-A563-4B90-8818-8E484B1101D3}.Debug|Any CPU.Build.0 = Debug|Any CPU
		{24076378-A563-4B90-8818-8E484B1101D3}.Debug|x64.ActiveCfg = Debug|Any CPU
		{24076378-A563-4B90-8818-8E484B1101D3}.Debug|x64.Build.0 = Debug|Any CPU
		{24076378-A563-4B90-8818-8E484B1101D3}.Debug|x86.ActiveCfg = Debug|Any CPU
		{24076378-A563-4B90-8818-8E484B1101D3}.Debug|x86.Build.0 = Debug|Any CPU
		{24076378-A563-4B90-8818-8E484B1101D3}.Release|Any CPU.ActiveCfg = Release|Any CPU
		{24076378-A563-4B90-8818-8E484B1101D3}.Release|Any CPU.Build.0 = Release|Any CPU
		{24076378-A563-4B90-8818-8E484B1101D3}.Release|x64.ActiveCfg = Release|Any CPU
		{24076378-A563-4B90-8818-8E484B1101D3}.Release|x64.Build.0 = Release|Any CPU
		{24076378-A563-4B90-8818-8E484B1101D3}.Release|x86.ActiveCfg = Release|Any CPU
		{24076378-A563-4B90-8818-8E484B1101D3}.Release|x86.Build.0 = Release|Any CPU
		{85429198-F2B4-45EA-B401-05775ADD3132}.Debug|Any CPU.ActiveCfg = Debug|Any CPU
		{85429198-F2B4-45EA-B401-05775ADD3132}.Debug|Any CPU.Build.0 = Debug|Any CPU
		{85429198-F2B4-45EA-B401-05775ADD3132}.Debug|x64.ActiveCfg = Debug|Any CPU
		{85429198-F2B4-45EA-B401-05775ADD3132}.Debug|x64.Build.0 = Debug|Any CPU
		{85429198-F2B4-45EA-B401-05775ADD3132}.Debug|x86.ActiveCfg = Debug|Any CPU
		{85429198-F2B4-45EA-B401-05775ADD3132}.Debug|x86.Build.0 = Debug|Any CPU
		{85429198-F2B4-45EA-B401-05775ADD3132}.Release|Any CPU.ActiveCfg = Release|Any CPU
		{85429198-F2B4-45EA-B401-05775ADD3132}.Release|Any CPU.Build.0 = Release|Any CPU
		{85429198-F2B4-45EA-B401-05775ADD3132}.Release|x64.ActiveCfg = Release|Any CPU
		{85429198-F2B4-45EA-B401-05775ADD3132}.Release|x64.Build.0 = Release|Any CPU
		{85429198-F2B4-45EA-B401-05775ADD3132}.Release|x86.ActiveCfg = Release|Any CPU
		{85429198-F2B4-45EA-B401-05775ADD3132}.Release|x86.Build.0 = Release|Any CPU
		{FA058646-2DAA-477F-8C55-3F3B7676FE77}.Debug|Any CPU.ActiveCfg = Debug|Any CPU
		{FA058646-2DAA-477F-8C55-3F3B7676FE77}.Debug|Any CPU.Build.0 = Debug|Any CPU
		{FA058646-2DAA-477F-8C55-3F3B7676FE77}.Debug|x64.ActiveCfg = Debug|Any CPU
		{FA058646-2DAA-477F-8C55-3F3B7676FE77}.Debug|x64.Build.0 = Debug|Any CPU
		{FA058646-2DAA-477F-8C55-3F3B7676FE77}.Debug|x86.ActiveCfg = Debug|Any CPU
		{FA058646-2DAA-477F-8C55-3F3B7676FE77}.Debug|x86.Build.0 = Debug|Any CPU
		{FA058646-2DAA-477F-8C55-3F3B7676FE77}.Release|Any CPU.ActiveCfg = Release|Any CPU
		{FA058646-2DAA-477F-8C55-3F3B7676FE77}.Release|Any CPU.Build.0 = Release|Any CPU
		{FA058646-2DAA-477F-8C55-3F3B7676FE77}.Release|x64.ActiveCfg = Release|Any CPU
		{FA058646-2DAA-477F-8C55-3F3B7676FE77}.Release|x64.Build.0 = Release|Any CPU
		{FA058646-2DAA-477F-8C55-3F3B7676FE77}.Release|x86.ActiveCfg = Release|Any CPU
		{FA058646-2DAA-477F-8C55-3F3B7676FE77}.Release|x86.Build.0 = Release|Any CPU
		{37D8F32B-C3C5-4EB7-972A-E697F0F21071}.Debug|Any CPU.ActiveCfg = Debug|Any CPU
		{37D8F32B-C3C5-4EB7-972A-E697F0F21071}.Debug|Any CPU.Build.0 = Debug|Any CPU
		{37D8F32B-C3C5-4EB7-972A-E697F0F21071}.Debug|x64.ActiveCfg = Debug|Any CPU
		{37D8F32B-C3C5-4EB7-972A-E697F0F21071}.Debug|x64.Build.0 = Debug|Any CPU
		{37D8F32B-C3C5-4EB7-972A-E697F0F21071}.Debug|x86.ActiveCfg = Debug|Any CPU
		{37D8F32B-C3C5-4EB7-972A-E697F0F21071}.Debug|x86.Build.0 = Debug|Any CPU
		{37D8F32B-C3C5-4EB7-972A-E697F0F21071}.Release|Any CPU.ActiveCfg = Release|Any CPU
		{37D8F32B-C3C5-4EB7-972A-E697F0F21071}.Release|Any CPU.Build.0 = Release|Any CPU
		{37D8F32B-C3C5-4EB7-972A-E697F0F21071}.Release|x64.ActiveCfg = Release|Any CPU
		{37D8F32B-C3C5-4EB7-972A-E697F0F21071}.Release|x64.Build.0 = Release|Any CPU
		{37D8F32B-C3C5-4EB7-972A-E697F0F21071}.Release|x86.ActiveCfg = Release|Any CPU
		{37D8F32B-C3C5-4EB7-972A-E697F0F21071}.Release|x86.Build.0 = Release|Any CPU
		{68843C13-35D6-47FA-8401-FDF4DE1B3B95}.Debug|Any CPU.ActiveCfg = Debug|Any CPU
		{68843C13-35D6-47FA-8401-FDF4DE1B3B95}.Debug|Any CPU.Build.0 = Debug|Any CPU
		{68843C13-35D6-47FA-8401-FDF4DE1B3B95}.Debug|x64.ActiveCfg = Debug|Any CPU
		{68843C13-35D6-47FA-8401-FDF4DE1B3B95}.Debug|x64.Build.0 = Debug|Any CPU
		{68843C13-35D6-47FA-8401-FDF4DE1B3B95}.Debug|x86.ActiveCfg = Debug|Any CPU
		{68843C13-35D6-47FA-8401-FDF4DE1B3B95}.Debug|x86.Build.0 = Debug|Any CPU
		{68843C13-35D6-47FA-8401-FDF4DE1B3B95}.Release|Any CPU.ActiveCfg = Release|Any CPU
		{68843C13-35D6-47FA-8401-FDF4DE1B3B95}.Release|Any CPU.Build.0 = Release|Any CPU
		{68843C13-35D6-47FA-8401-FDF4DE1B3B95}.Release|x64.ActiveCfg = Release|Any CPU
		{68843C13-35D6-47FA-8401-FDF4DE1B3B95}.Release|x64.Build.0 = Release|Any CPU
		{68843C13-35D6-47FA-8401-FDF4DE1B3B95}.Release|x86.ActiveCfg = Release|Any CPU
		{68843C13-35D6-47FA-8401-FDF4DE1B3B95}.Release|x86.Build.0 = Release|Any CPU
		{A381642A-6F30-49EA-B3C4-88EF2097681F}.Debug|Any CPU.ActiveCfg = Debug|Any CPU
		{A381642A-6F30-49EA-B3C4-88EF2097681F}.Debug|Any CPU.Build.0 = Debug|Any CPU
		{A381642A-6F30-49EA-B3C4-88EF2097681F}.Debug|x64.ActiveCfg = Debug|Any CPU
		{A381642A-6F30-49EA-B3C4-88EF2097681F}.Debug|x64.Build.0 = Debug|Any CPU
		{A381642A-6F30-49EA-B3C4-88EF2097681F}.Debug|x86.ActiveCfg = Debug|Any CPU
		{A381642A-6F30-49EA-B3C4-88EF2097681F}.Debug|x86.Build.0 = Debug|Any CPU
		{A381642A-6F30-49EA-B3C4-88EF2097681F}.Release|Any CPU.ActiveCfg = Release|Any CPU
		{A381642A-6F30-49EA-B3C4-88EF2097681F}.Release|Any CPU.Build.0 = Release|Any CPU
		{A381642A-6F30-49EA-B3C4-88EF2097681F}.Release|x64.ActiveCfg = Release|Any CPU
		{A381642A-6F30-49EA-B3C4-88EF2097681F}.Release|x64.Build.0 = Release|Any CPU
		{A381642A-6F30-49EA-B3C4-88EF2097681F}.Release|x86.ActiveCfg = Release|Any CPU
		{A381642A-6F30-49EA-B3C4-88EF2097681F}.Release|x86.Build.0 = Release|Any CPU
		{4815BF02-B556-46E0-AFE7-F67685D1B26D}.Debug|Any CPU.ActiveCfg = Debug|Any CPU
		{4815BF02-B556-46E0-AFE7-F67685D1B26D}.Debug|Any CPU.Build.0 = Debug|Any CPU
		{4815BF02-B556-46E0-AFE7-F67685D1B26D}.Debug|x64.ActiveCfg = Debug|Any CPU
		{4815BF02-B556-46E0-AFE7-F67685D1B26D}.Debug|x64.Build.0 = Debug|Any CPU
		{4815BF02-B556-46E0-AFE7-F67685D1B26D}.Debug|x86.ActiveCfg = Debug|Any CPU
		{4815BF02-B556-46E0-AFE7-F67685D1B26D}.Debug|x86.Build.0 = Debug|Any CPU
		{4815BF02-B556-46E0-AFE7-F67685D1B26D}.Release|Any CPU.ActiveCfg = Release|Any CPU
		{4815BF02-B556-46E0-AFE7-F67685D1B26D}.Release|Any CPU.Build.0 = Release|Any CPU
		{4815BF02-B556-46E0-AFE7-F67685D1B26D}.Release|x64.ActiveCfg = Release|Any CPU
		{4815BF02-B556-46E0-AFE7-F67685D1B26D}.Release|x64.Build.0 = Release|Any CPU
		{4815BF02-B556-46E0-AFE7-F67685D1B26D}.Release|x86.ActiveCfg = Release|Any CPU
		{4815BF02-B556-46E0-AFE7-F67685D1B26D}.Release|x86.Build.0 = Release|Any CPU
		{6E85F9F1-5B66-412C-8179-B4116394637F}.Debug|Any CPU.ActiveCfg = Debug|Any CPU
		{6E85F9F1-5B66-412C-8179-B4116394637F}.Debug|Any CPU.Build.0 = Debug|Any CPU
		{6E85F9F1-5B66-412C-8179-B4116394637F}.Debug|x64.ActiveCfg = Debug|Any CPU
		{6E85F9F1-5B66-412C-8179-B4116394637F}.Debug|x64.Build.0 = Debug|Any CPU
		{6E85F9F1-5B66-412C-8179-B4116394637F}.Debug|x86.ActiveCfg = Debug|Any CPU
		{6E85F9F1-5B66-412C-8179-B4116394637F}.Debug|x86.Build.0 = Debug|Any CPU
		{6E85F9F1-5B66-412C-8179-B4116394637F}.Release|Any CPU.ActiveCfg = Release|Any CPU
		{6E85F9F1-5B66-412C-8179-B4116394637F}.Release|Any CPU.Build.0 = Release|Any CPU
		{6E85F9F1-5B66-412C-8179-B4116394637F}.Release|x64.ActiveCfg = Release|Any CPU
		{6E85F9F1-5B66-412C-8179-B4116394637F}.Release|x64.Build.0 = Release|Any CPU
		{6E85F9F1-5B66-412C-8179-B4116394637F}.Release|x86.ActiveCfg = Release|Any CPU
		{6E85F9F1-5B66-412C-8179-B4116394637F}.Release|x86.Build.0 = Release|Any CPU
		{82B02DFF-1CA8-498F-B530-58665BCC0DAB}.Debug|Any CPU.ActiveCfg = Debug|Any CPU
		{82B02DFF-1CA8-498F-B530-58665BCC0DAB}.Debug|Any CPU.Build.0 = Debug|Any CPU
		{82B02DFF-1CA8-498F-B530-58665BCC0DAB}.Debug|x64.ActiveCfg = Debug|Any CPU
		{82B02DFF-1CA8-498F-B530-58665BCC0DAB}.Debug|x64.Build.0 = Debug|Any CPU
		{82B02DFF-1CA8-498F-B530-58665BCC0DAB}.Debug|x86.ActiveCfg = Debug|Any CPU
		{82B02DFF-1CA8-498F-B530-58665BCC0DAB}.Debug|x86.Build.0 = Debug|Any CPU
		{82B02DFF-1CA8-498F-B530-58665BCC0DAB}.Release|Any CPU.ActiveCfg = Release|Any CPU
		{82B02DFF-1CA8-498F-B530-58665BCC0DAB}.Release|Any CPU.Build.0 = Release|Any CPU
		{82B02DFF-1CA8-498F-B530-58665BCC0DAB}.Release|x64.ActiveCfg = Release|Any CPU
		{82B02DFF-1CA8-498F-B530-58665BCC0DAB}.Release|x64.Build.0 = Release|Any CPU
		{82B02DFF-1CA8-498F-B530-58665BCC0DAB}.Release|x86.ActiveCfg = Release|Any CPU
		{82B02DFF-1CA8-498F-B530-58665BCC0DAB}.Release|x86.Build.0 = Release|Any CPU
		{8816D41B-5D83-4C03-A073-605388EB1D82}.Debug|Any CPU.ActiveCfg = Debug|Any CPU
		{8816D41B-5D83-4C03-A073-605388EB1D82}.Debug|Any CPU.Build.0 = Debug|Any CPU
		{8816D41B-5D83-4C03-A073-605388EB1D82}.Debug|x64.ActiveCfg = Debug|Any CPU
		{8816D41B-5D83-4C03-A073-605388EB1D82}.Debug|x64.Build.0 = Debug|Any CPU
		{8816D41B-5D83-4C03-A073-605388EB1D82}.Debug|x86.ActiveCfg = Debug|Any CPU
		{8816D41B-5D83-4C03-A073-605388EB1D82}.Debug|x86.Build.0 = Debug|Any CPU
		{8816D41B-5D83-4C03-A073-605388EB1D82}.Release|Any CPU.ActiveCfg = Release|Any CPU
		{8816D41B-5D83-4C03-A073-605388EB1D82}.Release|Any CPU.Build.0 = Release|Any CPU
		{8816D41B-5D83-4C03-A073-605388EB1D82}.Release|x64.ActiveCfg = Release|Any CPU
		{8816D41B-5D83-4C03-A073-605388EB1D82}.Release|x64.Build.0 = Release|Any CPU
		{8816D41B-5D83-4C03-A073-605388EB1D82}.Release|x86.ActiveCfg = Release|Any CPU
		{8816D41B-5D83-4C03-A073-605388EB1D82}.Release|x86.Build.0 = Release|Any CPU
		{335E1346-0F9C-42FB-B30E-F00F934D3160}.Debug|Any CPU.ActiveCfg = Debug|Any CPU
		{335E1346-0F9C-42FB-B30E-F00F934D3160}.Debug|Any CPU.Build.0 = Debug|Any CPU
		{335E1346-0F9C-42FB-B30E-F00F934D3160}.Debug|x64.ActiveCfg = Debug|Any CPU
		{335E1346-0F9C-42FB-B30E-F00F934D3160}.Debug|x64.Build.0 = Debug|Any CPU
		{335E1346-0F9C-42FB-B30E-F00F934D3160}.Debug|x86.ActiveCfg = Debug|Any CPU
		{335E1346-0F9C-42FB-B30E-F00F934D3160}.Debug|x86.Build.0 = Debug|Any CPU
		{335E1346-0F9C-42FB-B30E-F00F934D3160}.Release|Any CPU.ActiveCfg = Release|Any CPU
		{335E1346-0F9C-42FB-B30E-F00F934D3160}.Release|Any CPU.Build.0 = Release|Any CPU
		{335E1346-0F9C-42FB-B30E-F00F934D3160}.Release|x64.ActiveCfg = Release|Any CPU
		{335E1346-0F9C-42FB-B30E-F00F934D3160}.Release|x64.Build.0 = Release|Any CPU
		{335E1346-0F9C-42FB-B30E-F00F934D3160}.Release|x86.ActiveCfg = Release|Any CPU
		{335E1346-0F9C-42FB-B30E-F00F934D3160}.Release|x86.Build.0 = Release|Any CPU
		{4BE7351B-A2AB-4346-9CD1-033CDC2CB319}.Debug|Any CPU.ActiveCfg = Debug|Any CPU
		{4BE7351B-A2AB-4346-9CD1-033CDC2CB319}.Debug|Any CPU.Build.0 = Debug|Any CPU
		{4BE7351B-A2AB-4346-9CD1-033CDC2CB319}.Debug|x64.ActiveCfg = Debug|Any CPU
		{4BE7351B-A2AB-4346-9CD1-033CDC2CB319}.Debug|x64.Build.0 = Debug|Any CPU
		{4BE7351B-A2AB-4346-9CD1-033CDC2CB319}.Debug|x86.ActiveCfg = Debug|Any CPU
		{4BE7351B-A2AB-4346-9CD1-033CDC2CB319}.Debug|x86.Build.0 = Debug|Any CPU
		{4BE7351B-A2AB-4346-9CD1-033CDC2CB319}.Release|Any CPU.ActiveCfg = Release|Any CPU
		{4BE7351B-A2AB-4346-9CD1-033CDC2CB319}.Release|Any CPU.Build.0 = Release|Any CPU
		{4BE7351B-A2AB-4346-9CD1-033CDC2CB319}.Release|x64.ActiveCfg = Release|Any CPU
		{4BE7351B-A2AB-4346-9CD1-033CDC2CB319}.Release|x64.Build.0 = Release|Any CPU
		{4BE7351B-A2AB-4346-9CD1-033CDC2CB319}.Release|x86.ActiveCfg = Release|Any CPU
		{4BE7351B-A2AB-4346-9CD1-033CDC2CB319}.Release|x86.Build.0 = Release|Any CPU
		{EE98CB9E-1630-403D-AC48-643D702525AA}.Debug|Any CPU.ActiveCfg = Debug|Any CPU
		{EE98CB9E-1630-403D-AC48-643D702525AA}.Debug|Any CPU.Build.0 = Debug|Any CPU
		{EE98CB9E-1630-403D-AC48-643D702525AA}.Debug|x64.ActiveCfg = Debug|Any CPU
		{EE98CB9E-1630-403D-AC48-643D702525AA}.Debug|x64.Build.0 = Debug|Any CPU
		{EE98CB9E-1630-403D-AC48-643D702525AA}.Debug|x86.ActiveCfg = Debug|Any CPU
		{EE98CB9E-1630-403D-AC48-643D702525AA}.Debug|x86.Build.0 = Debug|Any CPU
		{EE98CB9E-1630-403D-AC48-643D702525AA}.Release|Any CPU.ActiveCfg = Release|Any CPU
		{EE98CB9E-1630-403D-AC48-643D702525AA}.Release|Any CPU.Build.0 = Release|Any CPU
		{EE98CB9E-1630-403D-AC48-643D702525AA}.Release|x64.ActiveCfg = Release|Any CPU
		{EE98CB9E-1630-403D-AC48-643D702525AA}.Release|x64.Build.0 = Release|Any CPU
		{EE98CB9E-1630-403D-AC48-643D702525AA}.Release|x86.ActiveCfg = Release|Any CPU
		{EE98CB9E-1630-403D-AC48-643D702525AA}.Release|x86.Build.0 = Release|Any CPU
		{26F160F8-18A7-483C-AA27-AD177720ACF2}.Debug|Any CPU.ActiveCfg = Debug|Any CPU
		{26F160F8-18A7-483C-AA27-AD177720ACF2}.Debug|Any CPU.Build.0 = Debug|Any CPU
		{26F160F8-18A7-483C-AA27-AD177720ACF2}.Debug|x64.ActiveCfg = Debug|Any CPU
		{26F160F8-18A7-483C-AA27-AD177720ACF2}.Debug|x64.Build.0 = Debug|Any CPU
		{26F160F8-18A7-483C-AA27-AD177720ACF2}.Debug|x86.ActiveCfg = Debug|Any CPU
		{26F160F8-18A7-483C-AA27-AD177720ACF2}.Debug|x86.Build.0 = Debug|Any CPU
		{26F160F8-18A7-483C-AA27-AD177720ACF2}.Release|Any CPU.ActiveCfg = Release|Any CPU
		{26F160F8-18A7-483C-AA27-AD177720ACF2}.Release|Any CPU.Build.0 = Release|Any CPU
		{26F160F8-18A7-483C-AA27-AD177720ACF2}.Release|x64.ActiveCfg = Release|Any CPU
		{26F160F8-18A7-483C-AA27-AD177720ACF2}.Release|x64.Build.0 = Release|Any CPU
		{26F160F8-18A7-483C-AA27-AD177720ACF2}.Release|x86.ActiveCfg = Release|Any CPU
		{26F160F8-18A7-483C-AA27-AD177720ACF2}.Release|x86.Build.0 = Release|Any CPU
	EndGlobalSection
	GlobalSection(SolutionProperties) = preSolution
		HideSolutionNode = FALSE
	EndGlobalSection
	GlobalSection(NestedProjects) = preSolution
		{85429198-F2B4-45EA-B401-05775ADD3132} = {827E0CD3-B72D-47B6-A68D-7590B98EB39B}
		{FA058646-2DAA-477F-8C55-3F3B7676FE77} = {827E0CD3-B72D-47B6-A68D-7590B98EB39B}
		{37D8F32B-C3C5-4EB7-972A-E697F0F21071} = {827E0CD3-B72D-47B6-A68D-7590B98EB39B}
		{68843C13-35D6-47FA-8401-FDF4DE1B3B95} = {827E0CD3-B72D-47B6-A68D-7590B98EB39B}
		{A381642A-6F30-49EA-B3C4-88EF2097681F} = {827E0CD3-B72D-47B6-A68D-7590B98EB39B}
		{4815BF02-B556-46E0-AFE7-F67685D1B26D} = {827E0CD3-B72D-47B6-A68D-7590B98EB39B}
		{6E85F9F1-5B66-412C-8179-B4116394637F} = {827E0CD3-B72D-47B6-A68D-7590B98EB39B}
		{82B02DFF-1CA8-498F-B530-58665BCC0DAB} = {827E0CD3-B72D-47B6-A68D-7590B98EB39B}
		{8816D41B-5D83-4C03-A073-605388EB1D82} = {827E0CD3-B72D-47B6-A68D-7590B98EB39B}
		{335E1346-0F9C-42FB-B30E-F00F934D3160} = {827E0CD3-B72D-47B6-A68D-7590B98EB39B}
		{4BE7351B-A2AB-4346-9CD1-033CDC2CB319} = {827E0CD3-B72D-47B6-A68D-7590B98EB39B}
		{EE98CB9E-1630-403D-AC48-643D702525AA} = {827E0CD3-B72D-47B6-A68D-7590B98EB39B}
		{26F160F8-18A7-483C-AA27-AD177720ACF2} = {827E0CD3-B72D-47B6-A68D-7590B98EB39B}
	EndGlobalSection
EndGlobal
