
Microsoft Visual Studio Solution File, Format Version 12.00
Project("{FAE04EC0-301F-11D3-BF4B-00C04F79EFBC}") = "Mokkit", "src\Mokkit\Mokkit.csproj", "{1FE6546A-C353-420B-BA8F-0FA922EDC8D9}"
EndProject
Project("{FAE04EC0-301F-11D3-BF4B-00C04F79EFBC}") = "Mokkit.Playground", "src\Mokkit.Playground\Mokkit.Playground.csproj", "{D5148A4A-C0DA-4433-82DB-048C77913420}"
EndProject
Global
	GlobalSection(SolutionConfigurationPlatforms) = preSolution
		Debug|Any CPU = Debug|Any CPU
		Release|Any CPU = Release|Any CPU
	EndGlobalSection
	GlobalSection(ProjectConfigurationPlatforms) = postSolution
		{1FE6546A-C353-420B-BA8F-0FA922EDC8D9}.Debug|Any CPU.ActiveCfg = Debug|Any CPU
		{1FE6546A-C353-420B-BA8F-0FA922EDC8D9}.Debug|Any CPU.Build.0 = Debug|Any CPU
		{1FE6546A-C353-420B-BA8F-0FA922EDC8D9}.Release|Any CPU.ActiveCfg = Release|Any CPU
		{1FE6546A-C353-420B-BA8F-0FA922EDC8D9}.Release|Any CPU.Build.0 = Release|Any CPU
		{D5148A4A-C0DA-4433-82DB-048C77913420}.Debug|Any CPU.ActiveCfg = Debug|Any CPU
		{D5148A4A-C0DA-4433-82DB-048C77913420}.Debug|Any CPU.Build.0 = Debug|Any CPU
		{D5148A4A-C0DA-4433-82DB-048C77913420}.Release|Any CPU.ActiveCfg = Release|Any CPU
		{D5148A4A-C0DA-4433-82DB-048C77913420}.Release|Any CPU.Build.0 = Release|Any CPU
	EndGlobalSection
EndGlobal
